<?xml version="1.0" encoding="utf-8"?>
<Project ToolsVersion="4.0" xmlns="http://schemas.microsoft.com/developer/msbuild/2003">
  <ItemGroup>
    <Filter Include="src">
      <UniqueIdentifier>{2DAB880B-99B4-887C-2230-9F7C8E38947C}</UniqueIdentifier>
    </Filter>
    <Filter Include="src\Panels">
      <UniqueIdentifier>{DFE6F326-CB9E-3574-34A6-0ED0207DD064}</UniqueIdentifier>
    </Filter>
    <Filter Include="src\Panels\Components">
      <UniqueIdentifier>{946223B0-00CF-DEAA-C9C2-760835EE0013}</UniqueIdentifier>
    </Filter>
    <Filter Include="vendor">
      <UniqueIdentifier>{B3738122-9F15-ACF8-88D0-BF4C74113349}</UniqueIdentifier>
    </Filter>
    <Filter Include="vendor\ImGuizmo">
      <UniqueIdentifier>{73BF7F4C-DF4A-ED10-E85B-700554664911}</UniqueIdentifier>
    </Filter>
  </ItemGroup>
  <ItemGroup>
    <ClInclude Include="src\BaldLionEditorLayer.h">
      <Filter>src</Filter>
    </ClInclude>
    <ClInclude Include="src\Panels\AnimatorPanel.h">
      <Filter>src\Panels</Filter>
    </ClInclude>
    <ClInclude Include="src\Panels\Components\ComponentInspector.h">
      <Filter>src\Panels\Components</Filter>
    </ClInclude>
    <ClInclude Include="src\Panels\Components\DirectionalLightComponentInspector.h">
      <Filter>src\Panels\Components</Filter>
    </ClInclude>
    <ClInclude Include="src\Panels\Components\ProjectionCameraComponentInspector.h">
      <Filter>src\Panels\Components</Filter>
    </ClInclude>
    <ClInclude Include="src\Panels\Components\TransformComponentInspector.h">
      <Filter>src\Panels\Components</Filter>
    </ClInclude>
    <ClInclude Include="src\Panels\EditorPanel.h">
      <Filter>src\Panels</Filter>
    </ClInclude>
    <ClInclude Include="src\Panels\EditorViewportPanel.h">
      <Filter>src\Panels</Filter>
    </ClInclude>
    <ClInclude Include="src\Panels\EntityPropertiesPanel.h">
      <Filter>src\Panels</Filter>
    </ClInclude>
    <ClInclude Include="src\Panels\MemoryAllocationPanel.h">
      <Filter>src\Panels</Filter>
    </ClInclude>
    <ClInclude Include="src\Panels\RenderingDataPanel.h">
      <Filter>src\Panels</Filter>
    </ClInclude>
    <ClInclude Include="src\Panels\ResourcesPanel.h">
      <Filter>src\Panels</Filter>
    </ClInclude>
    <ClInclude Include="src\Panels\SceneHierarchyPanel.h">
      <Filter>src\Panels</Filter>
    </ClInclude>
    <ClInclude Include="src\Panels\UtilsEditor.h">
      <Filter>src\Panels</Filter>
    </ClInclude>
    <ClInclude Include="src\Panels\ViewportPanel.h">
      <Filter>src\Panels</Filter>
    </ClInclude>
    <ClInclude Include="vendor\ImGuizmo\ImGuizmo.h">
      <Filter>vendor\ImGuizmo</Filter>
    </ClInclude>
  </ItemGroup>
  <ItemGroup>
    <ClCompile Include="src\BaldLionEditorApp.cpp">
      <Filter>src</Filter>
    </ClCompile>
    <ClCompile Include="src\BaldLionEditorLayer.cpp">
      <Filter>src</Filter>
    </ClCompile>
    <ClCompile Include="src\Panels\AnimatorPanel.cpp">
      <Filter>src\Panels</Filter>
    </ClCompile>
    <ClCompile Include="src\Panels\EditorViewportPanel.cpp">
      <Filter>src\Panels</Filter>
    </ClCompile>
    <ClCompile Include="src\Panels\EntityPropertiesPanel.cpp">
      <Filter>src\Panels</Filter>
    </ClCompile>
    <ClCompile Include="src\Panels\MemoryAllocationPanel.cpp">
      <Filter>src\Panels</Filter>
    </ClCompile>
    <ClCompile Include="src\Panels\RenderingDataPanel.cpp">
      <Filter>src\Panels</Filter>
    </ClCompile>
    <ClCompile Include="src\Panels\ResourcesPanel.cpp">
      <Filter>src\Panels</Filter>
    </ClCompile>
    <ClCompile Include="src\Panels\SceneHierarchyPanel.cpp">
      <Filter>src\Panels</Filter>
    </ClCompile>
    <ClCompile Include="vendor\ImGuizmo\ImGuizmo.cpp">
      <Filter>vendor\ImGuizmo</Filter>
    </ClCompile>
  </ItemGroup>
</Project>