<?xml version="1.0" encoding="utf-8"?>
<Project ToolsVersion="4.0" xmlns="http://schemas.microsoft.com/developer/msbuild/2003">
  <ItemGroup>
    <Filter Include="BaldLion">
      <UniqueIdentifier>{AA61A792-962E-029E-BF47-F045AB73372C}</UniqueIdentifier>
    </Filter>
    <Filter Include="BaldLion\Events">
      <UniqueIdentifier>{4E4A9DD1-BAD5-0A96-C3E6-8D8A2FF16696}</UniqueIdentifier>
    </Filter>
    <Filter Include="BaldLion\ImGui">
      <UniqueIdentifier>{54EE2016-40BC-141C-2950-854215BDF080}</UniqueIdentifier>
    </Filter>
    <Filter Include="Platform">
      <UniqueIdentifier>{2AC788B4-1694-E3BF-3FAD-D1672BD9184E}</UniqueIdentifier>
    </Filter>
    <Filter Include="Platform\OpenGL">
      <UniqueIdentifier>{1E7D2C1D-8A08-9AE1-9319-1DD6FF23F6E1}</UniqueIdentifier>
    </Filter>
    <Filter Include="Platform\Windows">
      <UniqueIdentifier>{64FBD71A-50F4-F66C-7926-DCF1657ED678}</UniqueIdentifier>
    </Filter>
  </ItemGroup>
  <ItemGroup>
    <ClInclude Include="src\BaldLion.h" />
    <ClInclude Include="src\BaldLion\Application.h">
      <Filter>BaldLion</Filter>
    </ClInclude>
    <ClInclude Include="src\BaldLion\Core.h">
      <Filter>BaldLion</Filter>
    </ClInclude>
    <ClInclude Include="src\BaldLion\EntryPoint.h">
      <Filter>BaldLion</Filter>
    </ClInclude>
    <ClInclude Include="src\BaldLion\Events\ApplicationEvent.h">
      <Filter>BaldLion\Events</Filter>
    </ClInclude>
    <ClInclude Include="src\BaldLion\Events\Event.h">
      <Filter>BaldLion\Events</Filter>
    </ClInclude>
    <ClInclude Include="src\BaldLion\Events\KeyEvent.h">
      <Filter>BaldLion\Events</Filter>
    </ClInclude>
    <ClInclude Include="src\BaldLion\Events\MouseEvent.h">
      <Filter>BaldLion\Events</Filter>
    </ClInclude>
    <ClInclude Include="src\BaldLion\ImGui\ImGuiLayer.h">
      <Filter>BaldLion\ImGui</Filter>
    </ClInclude>
    <ClInclude Include="src\BaldLion\Input.h">
      <Filter>BaldLion</Filter>
    </ClInclude>
    <ClInclude Include="src\BaldLion\Layer.h">
      <Filter>BaldLion</Filter>
    </ClInclude>
    <ClInclude Include="src\BaldLion\LayerStack.h">
      <Filter>BaldLion</Filter>
    </ClInclude>
    <ClInclude Include="src\BaldLion\Log.h">
      <Filter>BaldLion</Filter>
    </ClInclude>
    <ClInclude Include="src\BaldLion\Window.h">
      <Filter>BaldLion</Filter>
    </ClInclude>
    <ClInclude Include="src\Platform\OpenGL\ImGuiOpenGLRenderer.h">
      <Filter>Platform\OpenGL</Filter>
    </ClInclude>
    <ClInclude Include="src\Platform\Windows\WindowsInput.h">
      <Filter>Platform\Windows</Filter>
    </ClInclude>
    <ClInclude Include="src\Platform\Windows\WindowsWindow.h">
      <Filter>Platform\Windows</Filter>
    </ClInclude>
    <ClInclude Include="src\blpch.h" />
  </ItemGroup>
  <ItemGroup>
    <ClCompile Include="src\BaldLion\Application.cpp">
      <Filter>BaldLion</Filter>
    </ClCompile>
    <ClCompile Include="src\BaldLion\ImGui\ImGuiLayer.cpp">
      <Filter>BaldLion\ImGui</Filter>
    </ClCompile>
    <ClCompile Include="src\BaldLion\Layer.cpp">
      <Filter>BaldLion</Filter>
    </ClCompile>
    <ClCompile Include="src\BaldLion\LayerStack.cpp">
      <Filter>BaldLion</Filter>
    </ClCompile>
    <ClCompile Include="src\BaldLion\Log.cpp">
      <Filter>BaldLion</Filter>
    </ClCompile>
    <ClCompile Include="src\Platform\OpenGL\ImGuiOpenGLRenderer.cpp">
      <Filter>Platform\OpenGL</Filter>
    </ClCompile>
    <ClCompile Include="src\Platform\Windows\WindowsInput.cpp">
      <Filter>Platform\Windows</Filter>
    </ClCompile>
    <ClCompile Include="src\Platform\Windows\WindowsWindow.cpp">
      <Filter>Platform\Windows</Filter>
    </ClCompile>
    <ClCompile Include="src\blpch.cpp" />
  </ItemGroup>
</Project>