<?xml version="1.0" encoding="utf-8"?>
<Project ToolsVersion="4.0" xmlns="http://schemas.microsoft.com/developer/msbuild/2003">
  <ItemGroup>
    <Filter Include="BaldLion">
      <UniqueIdentifier>{AA61A792-962E-029E-BF47-F045AB73372C}</UniqueIdentifier>
    </Filter>
  </ItemGroup>
  <ItemGroup>
    <ClInclude Include="src\BaldLion.h" />
    <ClInclude Include="src\BaldLion\Application.h">
      <Filter>BaldLion</Filter>
    </ClInclude>
    <ClInclude Include="src\BaldLion\Core.h">
      <Filter>BaldLion</Filter>
    </ClInclude>
    <ClInclude Include="src\BaldLion\EntryPoint.h">
      <Filter>BaldLion</Filter>
    </ClInclude>
    <ClInclude Include="src\BaldLion\Log.h">
      <Filter>BaldLion</Filter>
    </ClInclude>
  </ItemGroup>
  <ItemGroup>
    <ClCompile Include="src\BaldLion\Application.cpp">
      <Filter>BaldLion</Filter>
    </ClCompile>
    <ClCompile Include="src\BaldLion\Log.cpp">
      <Filter>BaldLion</Filter>
    </ClCompile>
  </ItemGroup>
</Project>